
Microsoft Visual Studio Solution File, Format Version 12.00
# Visual Studio Version 17
VisualStudioVersion = 17.6.33829.357
MinimumVisualStudioVersion = 10.0.40219.1
Project("{FAE04EC0-301F-11D3-BF4B-00C04F79EFBC}") = "template", "template\template.csproj", "{9EFBA4E7-797F-4DED-A97D-21F77FEA2F6C}"
EndProject
Global
	GlobalSection(SolutionConfigurationPlatforms) = preSolution
		Debug|Any CPU = Debug|Any CPU
		Release|Any CPU = Release|Any CPU
	EndGlobalSection
	GlobalSection(ProjectConfigurationPlatforms) = postSolution
		{9EFBA4E7-797F-4DED-A97D-21F77FEA2F6C}.Debug|Any CPU.ActiveCfg = Debug|Any CPU
		{9EFBA4E7-797F-4DED-A97D-21F77FEA2F6C}.Debug|Any CPU.Build.0 = Debug|Any CPU
		{9EFBA4E7-797F-4DED-A97D-21F77FEA2F6C}.Release|Any CPU.ActiveCfg = Release|Any CPU
		{9EFBA4E7-797F-4DED-A97D-21F77FEA2F6C}.Release|Any CPU.Build.0 = Release|Any CPU
	EndGlobalSection
	GlobalSection(SolutionProperties) = preSolution
		HideSolutionNode = FALSE
	EndGlobalSection
	GlobalSection(ExtensibilityGlobals) = postSolution
		SolutionGuid = {220C8C15-7EBA-4659-A829-8B8DE4A4B84D}
	EndGlobalSection
EndGlobal
