
Microsoft Visual Studio Solution File, Format Version 12.00
# Visual Studio Version 17
VisualStudioVersion = 17.6.33712.159
MinimumVisualStudioVersion = 10.0.40219.1
Project("{FAE04EC0-301F-11D3-BF4B-00C04F79EFBC}") = "encryptionDecryption", "encryptionDecryption\encryptionDecryption.csproj", "{66675FF3-8BC1-4E71-89ED-C167DA9F0481}"
EndProject
Global
	GlobalSection(SolutionConfigurationPlatforms) = preSolution
		Debug|Any CPU = Debug|Any CPU
		Release|Any CPU = Release|Any CPU
	EndGlobalSection
	GlobalSection(ProjectConfigurationPlatforms) = postSolution
		{66675FF3-8BC1-4E71-89ED-C167DA9F0481}.Debug|Any CPU.ActiveCfg = Debug|Any CPU
		{66675FF3-8BC1-4E71-89ED-C167DA9F0481}.Debug|Any CPU.Build.0 = Debug|Any CPU
		{66675FF3-8BC1-4E71-89ED-C167DA9F0481}.Release|Any CPU.ActiveCfg = Release|Any CPU
		{66675FF3-8BC1-4E71-89ED-C167DA9F0481}.Release|Any CPU.Build.0 = Release|Any CPU
	EndGlobalSection
	GlobalSection(SolutionProperties) = preSolution
		HideSolutionNode = FALSE
	EndGlobalSection
	GlobalSection(ExtensibilityGlobals) = postSolution
		SolutionGuid = {02A1CF1D-3975-434D-BE5F-9E3ABE7DFA14}
	EndGlobalSection
EndGlobal
