
Microsoft Visual Studio Solution File, Format Version 12.00
# Visual Studio Version 17
VisualStudioVersion = 17.6.33712.159
MinimumVisualStudioVersion = 10.0.40219.1
Project("{FAE04EC0-301F-11D3-BF4B-00C04F79EFBC}") = "Abstraction", "Abstraction\Abstraction.csproj", "{8039DB69-F12C-4986-8113-D16D77387279}"
EndProject
Global
	GlobalSection(SolutionConfigurationPlatforms) = preSolution
		Debug|Any CPU = Debug|Any CPU
		Release|Any CPU = Release|Any CPU
	EndGlobalSection
	GlobalSection(ProjectConfigurationPlatforms) = postSolution
		{8039DB69-F12C-4986-8113-D16D77387279}.Debug|Any CPU.ActiveCfg = Debug|Any CPU
		{8039DB69-F12C-4986-8113-D16D77387279}.Debug|Any CPU.Build.0 = Debug|Any CPU
		{8039DB69-F12C-4986-8113-D16D77387279}.Release|Any CPU.ActiveCfg = Release|Any CPU
		{8039DB69-F12C-4986-8113-D16D77387279}.Release|Any CPU.Build.0 = Release|Any CPU
	EndGlobalSection
	GlobalSection(SolutionProperties) = preSolution
		HideSolutionNode = FALSE
	EndGlobalSection
	GlobalSection(ExtensibilityGlobals) = postSolution
		SolutionGuid = {BD8197D0-4237-45BA-ADD5-20FDDB8CF1B6}
	EndGlobalSection
EndGlobal
