
Microsoft Visual Studio Solution File, Format Version 12.00
# Visual Studio Version 17
VisualStudioVersion = 17.6.33712.159
MinimumVisualStudioVersion = 10.0.40219.1
Project("{FAE04EC0-301F-11D3-BF4B-00C04F79EFBC}") = "Classes&Objects2", "Classes&Objects2\Classes&Objects2.csproj", "{773F2D90-1762-4AA6-9890-F95F38CA60F3}"
EndProject
Global
	GlobalSection(SolutionConfigurationPlatforms) = preSolution
		Debug|Any CPU = Debug|Any CPU
		Release|Any CPU = Release|Any CPU
	EndGlobalSection
	GlobalSection(ProjectConfigurationPlatforms) = postSolution
		{773F2D90-1762-4AA6-9890-F95F38CA60F3}.Debug|Any CPU.ActiveCfg = Debug|Any CPU
		{773F2D90-1762-4AA6-9890-F95F38CA60F3}.Debug|Any CPU.Build.0 = Debug|Any CPU
		{773F2D90-1762-4AA6-9890-F95F38CA60F3}.Release|Any CPU.ActiveCfg = Release|Any CPU
		{773F2D90-1762-4AA6-9890-F95F38CA60F3}.Release|Any CPU.Build.0 = Release|Any CPU
	EndGlobalSection
	GlobalSection(SolutionProperties) = preSolution
		HideSolutionNode = FALSE
	EndGlobalSection
	GlobalSection(ExtensibilityGlobals) = postSolution
		SolutionGuid = {91DED72A-2A68-404B-80E3-B4AAB90B28AF}
	EndGlobalSection
EndGlobal
